// !$*UTF8*$!
{
	archiveVersion = 1;
	classes = {
	};
	objectVersion = 46;
	objects = {

/* Begin PBXBuildFile section */
		650D89B41B0645A600631D86 /* (null) in Resources */ = {isa = PBXBuildFile; };
		652343A41B00DD85001CE608 /* wall.png in Resources */ = {isa = PBXBuildFile; fileRef = 652343A31B00DD85001CE608 /* wall.png */; };
		655915E21B0E55FF00D366E6 /* click.wav in Resources */ = {isa = PBXBuildFile; fileRef = 655915DB1B0E55FF00D366E6 /* click.wav */; };
		655915E31B0E55FF00D366E6 /* impact.wav in Resources */ = {isa = PBXBuildFile; fileRef = 655915DC1B0E55FF00D366E6 /* impact.wav */; };
		655915E41B0E55FF00D366E6 /* jump.wav in Resources */ = {isa = PBXBuildFile; fileRef = 655915DD1B0E55FF00D366E6 /* jump.wav */; };
		655915E51B0E55FF00D366E6 /* shaking.wav in Resources */ = {isa = PBXBuildFile; fileRef = 655915DE1B0E55FF00D366E6 /* shaking.wav */; };
		655915E61B0E55FF00D366E6 /* teleport.wav in Resources */ = {isa = PBXBuildFile; fileRef = 655915DF1B0E55FF00D366E6 /* teleport.wav */; };
		655915E71B0E55FF00D366E6 /* victory.wav in Resources */ = {isa = PBXBuildFile; fileRef = 655915E01B0E55FF00D366E6 /* victory.wav */; };
		655915E81B0E55FF00D366E6 /* wall.wav in Resources */ = {isa = PBXBuildFile; fileRef = 655915E11B0E55FF00D366E6 /* wall.wav */; };
		656343DA1B092C1A002E2031 /* minifase2.tmx in Resources */ = {isa = PBXBuildFile; fileRef = 656343D91B092C1A002E2031 /* minifase2.tmx */; };
		656343E01B092E33002E2031 /* minifase1.tmx in Resources */ = {isa = PBXBuildFile; fileRef = 656343DF1B092E33002E2031 /* minifase1.tmx */; };
		656343E61B093065002E2031 /* minifase3.tmx in Resources */ = {isa = PBXBuildFile; fileRef = 656343E51B093065002E2031 /* minifase3.tmx */; };
		65A5FF8E1B189DFA00497BD2 /* Main.storyboard in Resources */ = {isa = PBXBuildFile; fileRef = 65A5FF8D1B189DFA00497BD2 /* Main.storyboard */; };
		65A5FF951B18B7CE00497BD2 /* minifase1.tmx in Resources */ = {isa = PBXBuildFile; fileRef = 65A5FF8F1B18B7CE00497BD2 /* minifase1.tmx */; };
		65A5FF961B18B7CE00497BD2 /* minifase2.tmx in Resources */ = {isa = PBXBuildFile; fileRef = 65A5FF901B18B7CE00497BD2 /* minifase2.tmx */; };
		65A5FF971B18B7CE00497BD2 /* minifase3.tmx in Resources */ = {isa = PBXBuildFile; fileRef = 65A5FF911B18B7CE00497BD2 /* minifase3.tmx */; };
		65A5FF981B18B7CE00497BD2 /* minifase4.tmx in Resources */ = {isa = PBXBuildFile; fileRef = 65A5FF921B18B7CE00497BD2 /* minifase4.tmx */; };
		65A5FF991B18B7CE00497BD2 /* minifase5.tmx in Resources */ = {isa = PBXBuildFile; fileRef = 65A5FF931B18B7CE00497BD2 /* minifase5.tmx */; };
		65A5FF9A1B18B7CE00497BD2 /* minifase6.tmx in Resources */ = {isa = PBXBuildFile; fileRef = 65A5FF941B18B7CE00497BD2 /* minifase6.tmx */; };
		65A5FF9C1B18F02F00497BD2 /* InfoViewController.swift in Sources */ = {isa = PBXBuildFile; fileRef = 65A5FF9B1B18F02F00497BD2 /* InfoViewController.swift */; };
		65A5FFA01B1E343E00497BD2 /* GameKit.framework in Frameworks */ = {isa = PBXBuildFile; fileRef = 65A5FF9F1B1E343E00497BD2 /* GameKit.framework */; };
		65A5FFA21B1E344300497BD2 /* StoreKit.framework in Frameworks */ = {isa = PBXBuildFile; fileRef = 65A5FFA11B1E344300497BD2 /* StoreKit.framework */; };
		C504F79D1B1378EB0021C878 /* POL-rise-up-short.wav in Resources */ = {isa = PBXBuildFile; fileRef = C504F79C1B1378EB0021C878 /* POL-rise-up-short.wav */; };
		C504F79F1B137A460021C878 /* rise-up.mp3 in Resources */ = {isa = PBXBuildFile; fileRef = C504F79E1B137A460021C878 /* rise-up.mp3 */; };
		C504F7A11B137AE90021C878 /* Self-Destruct-Sequence.mp3 in Resources */ = {isa = PBXBuildFile; fileRef = C504F7A01B137AE90021C878 /* Self-Destruct-Sequence.mp3 */; };
		C50BB38D1ADAFC9B007827B7 /* MenuViewController.swift in Sources */ = {isa = PBXBuildFile; fileRef = C50BB38C1ADAFC9B007827B7 /* MenuViewController.swift */; };
		C50BB38F1ADAFD97007827B7 /* LevelsController.swift in Sources */ = {isa = PBXBuildFile; fileRef = C50BB38E1ADAFD97007827B7 /* LevelsController.swift */; };
		C50BB3911ADB0234007827B7 /* StartScreenViewController.swift in Sources */ = {isa = PBXBuildFile; fileRef = C50BB3901ADB0234007827B7 /* StartScreenViewController.swift */; };
		C50BB3931ADB06B6007827B7 /* ItemViewCtrl.swift in Sources */ = {isa = PBXBuildFile; fileRef = C50BB3921ADB06B6007827B7 /* ItemViewCtrl.swift */; };
		C5112E5B1B0FDEC6007E805C /* Winding-Down - fas2.wav in Resources */ = {isa = PBXBuildFile; fileRef = C5112E5A1B0FDEC6007E805C /* Winding-Down - fas2.wav */; };
		C5112E5F1B10B095007E805C /* wizard_jump.wav in Resources */ = {isa = PBXBuildFile; fileRef = C5112E5E1B10B095007E805C /* wizard_jump.wav */; };
		C5112E641B10B7D0007E805C /* character_jump1.wav in Resources */ = {isa = PBXBuildFile; fileRef = C5112E631B10B7D0007E805C /* character_jump1.wav */; };
		C5112E681B10B8CF007E805C /* impact2.wav in Resources */ = {isa = PBXBuildFile; fileRef = C5112E671B10B8CF007E805C /* impact2.wav */; };
		C5112E6B1B10B8D8007E805C /* click_end.wav in Resources */ = {isa = PBXBuildFile; fileRef = C5112E691B10B8D8007E805C /* click_end.wav */; };
		C5112E6C1B10B8D8007E805C /* click_start.wav in Resources */ = {isa = PBXBuildFile; fileRef = C5112E6A1B10B8D8007E805C /* click_start.wav */; };
		C5112E6E1B10B8DF007E805C /* menu_down.wav in Resources */ = {isa = PBXBuildFile; fileRef = C5112E6D1B10B8DF007E805C /* menu_down.wav */; };
		C5112E761B10BC00007E805C /* character_land.wav in Resources */ = {isa = PBXBuildFile; fileRef = C5112E6F1B10BC00007E805C /* character_land.wav */; };
		C5112E771B10BC00007E805C /* click1.wav in Resources */ = {isa = PBXBuildFile; fileRef = C5112E701B10BC00007E805C /* click1.wav */; };
		C5112E781B10BC00007E805C /* jailbreak.wav in Resources */ = {isa = PBXBuildFile; fileRef = C5112E711B10BC00007E805C /* jailbreak.wav */; };
		C5112E791B10BC00007E805C /* lockpick_success.wav in Resources */ = {isa = PBXBuildFile; fileRef = C5112E721B10BC00007E805C /* lockpick_success.wav */; };
		C5112E7A1B10BC00007E805C /* miss_text.wav in Resources */ = {isa = PBXBuildFile; fileRef = C5112E731B10BC00007E805C /* miss_text.wav */; };
		C5112E7B1B10BC00007E805C /* text_appear.wav in Resources */ = {isa = PBXBuildFile; fileRef = C5112E741B10BC00007E805C /* text_appear.wav */; };
		C5112E7C1B10BC00007E805C /* unlock.wav in Resources */ = {isa = PBXBuildFile; fileRef = C5112E751B10BC00007E805C /* unlock.wav */; };
		C51A438F1B0A010700566E44 /* LevelView.swift in Sources */ = {isa = PBXBuildFile; fileRef = C51A438E1B0A010700566E44 /* LevelView.swift */; };
		C51A43911B0A012200566E44 /* LevelView.xib in Resources */ = {isa = PBXBuildFile; fileRef = C51A43901B0A012200566E44 /* LevelView.xib */; };
		C51CBE901B0E506C00913FAA /* StartApp.bundle in Resources */ = {isa = PBXBuildFile; fileRef = C51CBE8E1B0E506C00913FAA /* StartApp.bundle */; };
		C51CBE911B0E506C00913FAA /* StartApp.framework in Frameworks */ = {isa = PBXBuildFile; fileRef = C51CBE8F1B0E506C00913FAA /* StartApp.framework */; };
		C51CBE931B0E512100913FAA /* CoreTelephony.framework in Frameworks */ = {isa = PBXBuildFile; fileRef = C51CBE921B0E512100913FAA /* CoreTelephony.framework */; };
		C51CBE951B0E512F00913FAA /* SystemConfiguration.framework in Frameworks */ = {isa = PBXBuildFile; fileRef = C51CBE941B0E512F00913FAA /* SystemConfiguration.framework */; };
		C51CBE971B0E513900913FAA /* CoreGraphics.framework in Frameworks */ = {isa = PBXBuildFile; fileRef = C51CBE961B0E513900913FAA /* CoreGraphics.framework */; };
		C51CBE9B1B0E515000913FAA /* AdSupport.framework in Frameworks */ = {isa = PBXBuildFile; fileRef = C51CBE9A1B0E515000913FAA /* AdSupport.framework */; };
		C51CBE9D1B0E516700913FAA /* QuartzCore.framework in Frameworks */ = {isa = PBXBuildFile; fileRef = C51CBE9C1B0E516700913FAA /* QuartzCore.framework */; };
		C51CBEA31B0E5C0600913FAA /* GameCenter.swift in Sources */ = {isa = PBXBuildFile; fileRef = C51CBEA21B0E5C0600913FAA /* GameCenter.swift */; };
		C547473B1AD44D2800C4E23F /* libz.dylib in Frameworks */ = {isa = PBXBuildFile; fileRef = C547473A1AD44D2800C4E23F /* libz.dylib */; };
		C569C5EA1B1375AE00C999A9 /* Exotic-Island.mp3 in Resources */ = {isa = PBXBuildFile; fileRef = C569C5E91B1375AE00C999A9 /* Exotic-Island.mp3 */; };
		C569C5EC1B1375BA00C999A9 /* Misty-Forest.mp3 in Resources */ = {isa = PBXBuildFile; fileRef = C569C5EB1B1375BA00C999A9 /* Misty-Forest.mp3 */; };
		C569C5EE1B1375C600C999A9 /* Mad-Scientist.mp3 in Resources */ = {isa = PBXBuildFile; fileRef = C569C5ED1B1375C600C999A9 /* Mad-Scientist.mp3 */; };
		C58F73A11AF95E8400D6E6DB /* JSTileMap.m in Sources */ = {isa = PBXBuildFile; fileRef = C58F739E1AF95E8400D6E6DB /* JSTileMap.m */; };
		C58F73A21AF95E8400D6E6DB /* LFCGzipUtility.m in Sources */ = {isa = PBXBuildFile; fileRef = C58F73A01AF95E8400D6E6DB /* LFCGzipUtility.m */; };
		C58F73A41B04BF2E00D6E6DB /* wall_gray.png in Resources */ = {isa = PBXBuildFile; fileRef = C58F73A31B04BF2E00D6E6DB /* wall_gray.png */; };
		C58F73A81B05860F00D6E6DB /* Scenario.swift in Sources */ = {isa = PBXBuildFile; fileRef = C58F73A71B05860F00D6E6DB /* Scenario.swift */; };
		C58F73AA1B05896F00D6E6DB /* SceneManager.swift in Sources */ = {isa = PBXBuildFile; fileRef = C58F73A91B05896F00D6E6DB /* SceneManager.swift */; };
		C58F73B81B06232E00D6E6DB /* plataforma3G.png in Resources */ = {isa = PBXBuildFile; fileRef = C58F73B71B06232E00D6E6DB /* plataforma3G.png */; };
		C59F3D4A1B17839900A608AA /* OptionsViewController.swift in Sources */ = {isa = PBXBuildFile; fileRef = C59F3D491B17839900A608AA /* OptionsViewController.swift */; };
		C59F3D4E1B17856200A608AA /* main-theme.wav in Resources */ = {isa = PBXBuildFile; fileRef = C59F3D4D1B17856200A608AA /* main-theme.wav */; };
		C59F3D551B1790BC00A608AA /* music1.wav in Resources */ = {isa = PBXBuildFile; fileRef = C59F3D4F1B1790BC00A608AA /* music1.wav */; };
		C59F3D561B1790BC00A608AA /* music2.wav in Resources */ = {isa = PBXBuildFile; fileRef = C59F3D501B1790BC00A608AA /* music2.wav */; };
		C59F3D571B1790BC00A608AA /* music3.wav in Resources */ = {isa = PBXBuildFile; fileRef = C59F3D511B1790BC00A608AA /* music3.wav */; };
		C59F3D581B1790BC00A608AA /* music4.wav in Resources */ = {isa = PBXBuildFile; fileRef = C59F3D521B1790BC00A608AA /* music4.wav */; };
		C59F3D591B1790BC00A608AA /* music5.wav in Resources */ = {isa = PBXBuildFile; fileRef = C59F3D531B1790BC00A608AA /* music5.wav */; };
		C59F3D5A1B1790BC00A608AA /* music6.wav in Resources */ = {isa = PBXBuildFile; fileRef = C59F3D541B1790BC00A608AA /* music6.wav */; };
		C5A53E981AD4747300A97B1D /* teste.tmx in Resources */ = {isa = PBXBuildFile; fileRef = C5A53E971AD4747300A97B1D /* teste.tmx */; };
		C5A53EBA1AD5C5FF00A97B1D /* plataforma3.png in Resources */ = {isa = PBXBuildFile; fileRef = C5A53EB91AD5C5FF00A97B1D /* plataforma3.png */; };
		C5CB3F401ACD6AA8001A37B7 /* AppDelegate.swift in Sources */ = {isa = PBXBuildFile; fileRef = C5CB3F3F1ACD6AA8001A37B7 /* AppDelegate.swift */; };
		C5CB3F421ACD6AA8001A37B7 /* teste.sks in Resources */ = {isa = PBXBuildFile; fileRef = C5CB3F411ACD6AA8001A37B7 /* teste.sks */; };
		C5CB3F441ACD6AA8001A37B7 /* W1_Level_1.swift in Sources */ = {isa = PBXBuildFile; fileRef = C5CB3F431ACD6AA8001A37B7 /* W1_Level_1.swift */; };
		C5CB3F461ACD6AA8001A37B7 /* GameViewController.swift in Sources */ = {isa = PBXBuildFile; fileRef = C5CB3F451ACD6AA8001A37B7 /* GameViewController.swift */; };
		C5CB3F5A1ACD6AA8001A37B7 /* Ninja_GooTests.swift in Sources */ = {isa = PBXBuildFile; fileRef = C5CB3F591ACD6AA8001A37B7 /* Ninja_GooTests.swift */; };
		C5CB3F691ACD6C55001A37B7 /* W1_Scenario.xcassets in Resources */ = {isa = PBXBuildFile; fileRef = C5CB3F681ACD6C55001A37B7 /* W1_Scenario.xcassets */; };
		C5CB3F6B1ACD6C9A001A37B7 /* Other.xcassets in Resources */ = {isa = PBXBuildFile; fileRef = C5CB3F6A1ACD6C9A001A37B7 /* Other.xcassets */; };
		C5CB3F6D1ACD6D14001A37B7 /* Ninja.xcassets in Resources */ = {isa = PBXBuildFile; fileRef = C5CB3F6C1ACD6D14001A37B7 /* Ninja.xcassets */; };
		C5CB3F6F1ACD6E0C001A37B7 /* Hud.xcassets in Resources */ = {isa = PBXBuildFile; fileRef = C5CB3F6E1ACD6E0C001A37B7 /* Hud.xcassets */; };
		C5CB3F7A1ACD7954001A37B7 /* LaunchScreen.xib in Resources */ = {isa = PBXBuildFile; fileRef = C5CB3F791ACD7954001A37B7 /* LaunchScreen.xib */; };
		C5CB3F7D1ACD79B2001A37B7 /* Ninja.swift in Sources */ = {isa = PBXBuildFile; fileRef = C5CB3F7C1ACD79B2001A37B7 /* Ninja.swift */; };
		C5CB3F801ACD9F1D001A37B7 /* ConvertUtilities.swift in Sources */ = {isa = PBXBuildFile; fileRef = C5CB3F7F1ACD9F1D001A37B7 /* ConvertUtilities.swift */; };
		C5CB3F821ACDEBE4001A37B7 /* WorldLayer.swift in Sources */ = {isa = PBXBuildFile; fileRef = C5CB3F811ACDEBE4001A37B7 /* WorldLayer.swift */; };
		C5CB3F841ACDFF18001A37B7 /* Hud.swift in Sources */ = {isa = PBXBuildFile; fileRef = C5CB3F831ACDFF18001A37B7 /* Hud.swift */; };
		C5D854911AF15CC3008CE610 /* espinho_tile_direito.png in Resources */ = {isa = PBXBuildFile; fileRef = C5D8548D1AF15CC3008CE610 /* espinho_tile_direito.png */; };
		C5D854921AF15CC3008CE610 /* espinho_tile_esquerdo.png in Resources */ = {isa = PBXBuildFile; fileRef = C5D8548E1AF15CC3008CE610 /* espinho_tile_esquerdo.png */; };
		C5D854931AF15CC3008CE610 /* espinho_tile_invertido.png in Resources */ = {isa = PBXBuildFile; fileRef = C5D8548F1AF15CC3008CE610 /* espinho_tile_invertido.png */; };
		C5DA21F21B18FB90000CFB9A /* Insane-Gameplay.mp3 in Resources */ = {isa = PBXBuildFile; fileRef = C5DA21F11B18FB8F000CFB9A /* Insane-Gameplay.mp3 */; };
		C5ED62681B0FAC6B006B6DC6 /* espinho_tile.png in Resources */ = {isa = PBXBuildFile; fileRef = C5ED62671B0FAC6B006B6DC6 /* espinho_tile.png */; };
/* End PBXBuildFile section */

/* Begin PBXContainerItemProxy section */
		C5CB3F541ACD6AA8001A37B7 /* PBXContainerItemProxy */ = {
			isa = PBXContainerItemProxy;
			containerPortal = C5CB3F321ACD6AA8001A37B7 /* Project object */;
			proxyType = 1;
			remoteGlobalIDString = C5CB3F391ACD6AA8001A37B7;
			remoteInfo = "Ninja Goo";
		};
/* End PBXContainerItemProxy section */

/* Begin PBXFileReference section */
		652343A31B00DD85001CE608 /* wall.png */ = {isa = PBXFileReference; lastKnownFileType = image.png; path = wall.png; sourceTree = "<group>"; };
		655915DB1B0E55FF00D366E6 /* click.wav */ = {isa = PBXFileReference; lastKnownFileType = audio.wav; path = click.wav; sourceTree = "<group>"; };
		655915DC1B0E55FF00D366E6 /* impact.wav */ = {isa = PBXFileReference; lastKnownFileType = audio.wav; path = impact.wav; sourceTree = "<group>"; };
		655915DD1B0E55FF00D366E6 /* jump.wav */ = {isa = PBXFileReference; lastKnownFileType = audio.wav; path = jump.wav; sourceTree = "<group>"; };
		655915DE1B0E55FF00D366E6 /* shaking.wav */ = {isa = PBXFileReference; lastKnownFileType = audio.wav; path = shaking.wav; sourceTree = "<group>"; };
		655915DF1B0E55FF00D366E6 /* teleport.wav */ = {isa = PBXFileReference; lastKnownFileType = audio.wav; path = teleport.wav; sourceTree = "<group>"; };
		655915E01B0E55FF00D366E6 /* victory.wav */ = {isa = PBXFileReference; lastKnownFileType = audio.wav; path = victory.wav; sourceTree = "<group>"; };
		655915E11B0E55FF00D366E6 /* wall.wav */ = {isa = PBXFileReference; lastKnownFileType = audio.wav; path = wall.wav; sourceTree = "<group>"; };
		656343D91B092C1A002E2031 /* minifase2.tmx */ = {isa = PBXFileReference; fileEncoding = 4; lastKnownFileType = text.xml; path = minifase2.tmx; sourceTree = "<group>"; };
		656343DF1B092E33002E2031 /* minifase1.tmx */ = {isa = PBXFileReference; fileEncoding = 4; lastKnownFileType = text.xml; path = minifase1.tmx; sourceTree = "<group>"; };
		656343E51B093065002E2031 /* minifase3.tmx */ = {isa = PBXFileReference; fileEncoding = 4; lastKnownFileType = text.xml; path = minifase3.tmx; sourceTree = "<group>"; };
		65A5FF8D1B189DFA00497BD2 /* Main.storyboard */ = {isa = PBXFileReference; fileEncoding = 4; lastKnownFileType = file.storyboard; path = Main.storyboard; sourceTree = "<group>"; };
		65A5FF8F1B18B7CE00497BD2 /* minifase1.tmx */ = {isa = PBXFileReference; fileEncoding = 4; lastKnownFileType = text.xml; path = minifase1.tmx; sourceTree = "<group>"; };
		65A5FF901B18B7CE00497BD2 /* minifase2.tmx */ = {isa = PBXFileReference; fileEncoding = 4; lastKnownFileType = text.xml; path = minifase2.tmx; sourceTree = "<group>"; };
		65A5FF911B18B7CE00497BD2 /* minifase3.tmx */ = {isa = PBXFileReference; fileEncoding = 4; lastKnownFileType = text.xml; path = minifase3.tmx; sourceTree = "<group>"; };
		65A5FF921B18B7CE00497BD2 /* minifase4.tmx */ = {isa = PBXFileReference; fileEncoding = 4; lastKnownFileType = text.xml; path = minifase4.tmx; sourceTree = "<group>"; };
		65A5FF931B18B7CE00497BD2 /* minifase5.tmx */ = {isa = PBXFileReference; fileEncoding = 4; lastKnownFileType = text.xml; path = minifase5.tmx; sourceTree = "<group>"; };
		65A5FF941B18B7CE00497BD2 /* minifase6.tmx */ = {isa = PBXFileReference; fileEncoding = 4; lastKnownFileType = text.xml; path = minifase6.tmx; sourceTree = "<group>"; };
		65A5FF9B1B18F02F00497BD2 /* InfoViewController.swift */ = {isa = PBXFileReference; fileEncoding = 4; lastKnownFileType = sourcecode.swift; path = InfoViewController.swift; sourceTree = "<group>"; };
		65A5FF9F1B1E343E00497BD2 /* GameKit.framework */ = {isa = PBXFileReference; lastKnownFileType = wrapper.framework; name = GameKit.framework; path = System/Library/Frameworks/GameKit.framework; sourceTree = SDKROOT; };
		65A5FFA11B1E344300497BD2 /* StoreKit.framework */ = {isa = PBXFileReference; lastKnownFileType = wrapper.framework; name = StoreKit.framework; path = System/Library/Frameworks/StoreKit.framework; sourceTree = SDKROOT; };
		C504F79C1B1378EB0021C878 /* POL-rise-up-short.wav */ = {isa = PBXFileReference; lastKnownFileType = audio.wav; path = "POL-rise-up-short.wav"; sourceTree = "<group>"; };
		C504F79E1B137A460021C878 /* rise-up.mp3 */ = {isa = PBXFileReference; lastKnownFileType = audio.mp3; path = "rise-up.mp3"; sourceTree = "<group>"; };
		C504F7A01B137AE90021C878 /* Self-Destruct-Sequence.mp3 */ = {isa = PBXFileReference; lastKnownFileType = audio.mp3; path = "Self-Destruct-Sequence.mp3"; sourceTree = "<group>"; };
		C50BB38C1ADAFC9B007827B7 /* MenuViewController.swift */ = {isa = PBXFileReference; fileEncoding = 4; lastKnownFileType = sourcecode.swift; path = MenuViewController.swift; sourceTree = "<group>"; };
		C50BB38E1ADAFD97007827B7 /* LevelsController.swift */ = {isa = PBXFileReference; fileEncoding = 4; lastKnownFileType = sourcecode.swift; path = LevelsController.swift; sourceTree = "<group>"; };
		C50BB3901ADB0234007827B7 /* StartScreenViewController.swift */ = {isa = PBXFileReference; fileEncoding = 4; lastKnownFileType = sourcecode.swift; path = StartScreenViewController.swift; sourceTree = "<group>"; };
		C50BB3921ADB06B6007827B7 /* ItemViewCtrl.swift */ = {isa = PBXFileReference; fileEncoding = 4; lastKnownFileType = sourcecode.swift; path = ItemViewCtrl.swift; sourceTree = "<group>"; };
		C5112E5A1B0FDEC6007E805C /* Winding-Down - fas2.wav */ = {isa = PBXFileReference; lastKnownFileType = audio.wav; path = "Winding-Down - fas2.wav"; sourceTree = "<group>"; };
		C5112E5E1B10B095007E805C /* wizard_jump.wav */ = {isa = PBXFileReference; lastKnownFileType = audio.wav; path = wizard_jump.wav; sourceTree = "<group>"; };
		C5112E631B10B7D0007E805C /* character_jump1.wav */ = {isa = PBXFileReference; lastKnownFileType = audio.wav; path = character_jump1.wav; sourceTree = "<group>"; };
		C5112E671B10B8CF007E805C /* impact2.wav */ = {isa = PBXFileReference; lastKnownFileType = audio.wav; path = impact2.wav; sourceTree = "<group>"; };
		C5112E691B10B8D8007E805C /* click_end.wav */ = {isa = PBXFileReference; lastKnownFileType = audio.wav; path = click_end.wav; sourceTree = "<group>"; };
		C5112E6A1B10B8D8007E805C /* click_start.wav */ = {isa = PBXFileReference; lastKnownFileType = audio.wav; path = click_start.wav; sourceTree = "<group>"; };
		C5112E6D1B10B8DF007E805C /* menu_down.wav */ = {isa = PBXFileReference; lastKnownFileType = audio.wav; path = menu_down.wav; sourceTree = "<group>"; };
		C5112E6F1B10BC00007E805C /* character_land.wav */ = {isa = PBXFileReference; lastKnownFileType = audio.wav; path = character_land.wav; sourceTree = "<group>"; };
		C5112E701B10BC00007E805C /* click1.wav */ = {isa = PBXFileReference; lastKnownFileType = audio.wav; path = click1.wav; sourceTree = "<group>"; };
		C5112E711B10BC00007E805C /* jailbreak.wav */ = {isa = PBXFileReference; lastKnownFileType = audio.wav; path = jailbreak.wav; sourceTree = "<group>"; };
		C5112E721B10BC00007E805C /* lockpick_success.wav */ = {isa = PBXFileReference; lastKnownFileType = audio.wav; path = lockpick_success.wav; sourceTree = "<group>"; };
		C5112E731B10BC00007E805C /* miss_text.wav */ = {isa = PBXFileReference; lastKnownFileType = audio.wav; path = miss_text.wav; sourceTree = "<group>"; };
		C5112E741B10BC00007E805C /* text_appear.wav */ = {isa = PBXFileReference; lastKnownFileType = audio.wav; path = text_appear.wav; sourceTree = "<group>"; };
		C5112E751B10BC00007E805C /* unlock.wav */ = {isa = PBXFileReference; lastKnownFileType = audio.wav; path = unlock.wav; sourceTree = "<group>"; };
		C51A438E1B0A010700566E44 /* LevelView.swift */ = {isa = PBXFileReference; fileEncoding = 4; lastKnownFileType = sourcecode.swift; name = LevelView.swift; path = ../LevelView.swift; sourceTree = "<group>"; };
		C51A43901B0A012200566E44 /* LevelView.xib */ = {isa = PBXFileReference; fileEncoding = 4; lastKnownFileType = file.xib; name = LevelView.xib; path = ../LevelView.xib; sourceTree = "<group>"; };
		C51CBE8E1B0E506C00913FAA /* StartApp.bundle */ = {isa = PBXFileReference; lastKnownFileType = "wrapper.plug-in"; path = StartApp.bundle; sourceTree = "<group>"; };
		C51CBE8F1B0E506C00913FAA /* StartApp.framework */ = {isa = PBXFileReference; lastKnownFileType = wrapper.framework; path = StartApp.framework; sourceTree = "<group>"; };
		C51CBE921B0E512100913FAA /* CoreTelephony.framework */ = {isa = PBXFileReference; lastKnownFileType = wrapper.framework; name = CoreTelephony.framework; path = System/Library/Frameworks/CoreTelephony.framework; sourceTree = SDKROOT; };
		C51CBE941B0E512F00913FAA /* SystemConfiguration.framework */ = {isa = PBXFileReference; lastKnownFileType = wrapper.framework; name = SystemConfiguration.framework; path = System/Library/Frameworks/SystemConfiguration.framework; sourceTree = SDKROOT; };
		C51CBE961B0E513900913FAA /* CoreGraphics.framework */ = {isa = PBXFileReference; lastKnownFileType = wrapper.framework; name = CoreGraphics.framework; path = System/Library/Frameworks/CoreGraphics.framework; sourceTree = SDKROOT; };
		C51CBE9A1B0E515000913FAA /* AdSupport.framework */ = {isa = PBXFileReference; lastKnownFileType = wrapper.framework; name = AdSupport.framework; path = System/Library/Frameworks/AdSupport.framework; sourceTree = SDKROOT; };
		C51CBE9C1B0E516700913FAA /* QuartzCore.framework */ = {isa = PBXFileReference; lastKnownFileType = wrapper.framework; name = QuartzCore.framework; path = System/Library/Frameworks/QuartzCore.framework; sourceTree = SDKROOT; };
		C51CBEA21B0E5C0600913FAA /* GameCenter.swift */ = {isa = PBXFileReference; fileEncoding = 4; lastKnownFileType = sourcecode.swift; path = GameCenter.swift; sourceTree = "<group>"; };
		C547473A1AD44D2800C4E23F /* libz.dylib */ = {isa = PBXFileReference; lastKnownFileType = "compiled.mach-o.dylib"; name = libz.dylib; path = usr/lib/libz.dylib; sourceTree = SDKROOT; };
		C54747471AD4503500C4E23F /* TileMapHeader.h */ = {isa = PBXFileReference; fileEncoding = 4; lastKnownFileType = sourcecode.c.h; path = TileMapHeader.h; sourceTree = "<group>"; };
		C569C5E91B1375AE00C999A9 /* Exotic-Island.mp3 */ = {isa = PBXFileReference; lastKnownFileType = audio.mp3; path = "Exotic-Island.mp3"; sourceTree = "<group>"; };
		C569C5EB1B1375BA00C999A9 /* Misty-Forest.mp3 */ = {isa = PBXFileReference; lastKnownFileType = audio.mp3; path = "Misty-Forest.mp3"; sourceTree = "<group>"; };
		C569C5ED1B1375C600C999A9 /* Mad-Scientist.mp3 */ = {isa = PBXFileReference; lastKnownFileType = audio.mp3; path = "Mad-Scientist.mp3"; sourceTree = "<group>"; };
		C58F739D1AF95E7B00D6E6DB /* JSTileMap.h */ = {isa = PBXFileReference; lastKnownFileType = sourcecode.c.h; path = JSTileMap.h; sourceTree = "<group>"; };
		C58F739E1AF95E8400D6E6DB /* JSTileMap.m */ = {isa = PBXFileReference; fileEncoding = 4; lastKnownFileType = sourcecode.c.objc; path = JSTileMap.m; sourceTree = "<group>"; };
		C58F739F1AF95E8400D6E6DB /* LFCGzipUtility.h */ = {isa = PBXFileReference; fileEncoding = 4; lastKnownFileType = sourcecode.c.h; path = LFCGzipUtility.h; sourceTree = "<group>"; };
		C58F73A01AF95E8400D6E6DB /* LFCGzipUtility.m */ = {isa = PBXFileReference; fileEncoding = 4; lastKnownFileType = sourcecode.c.objc; path = LFCGzipUtility.m; sourceTree = "<group>"; };
		C58F73A31B04BF2E00D6E6DB /* wall_gray.png */ = {isa = PBXFileReference; lastKnownFileType = image.png; path = wall_gray.png; sourceTree = "<group>"; };
		C58F73A71B05860F00D6E6DB /* Scenario.swift */ = {isa = PBXFileReference; fileEncoding = 4; lastKnownFileType = sourcecode.swift; path = Scenario.swift; sourceTree = "<group>"; };
		C58F73A91B05896F00D6E6DB /* SceneManager.swift */ = {isa = PBXFileReference; fileEncoding = 4; lastKnownFileType = sourcecode.swift; path = SceneManager.swift; sourceTree = "<group>"; };
		C58F73B71B06232E00D6E6DB /* plataforma3G.png */ = {isa = PBXFileReference; lastKnownFileType = image.png; path = plataforma3G.png; sourceTree = "<group>"; };
		C59F3D491B17839900A608AA /* OptionsViewController.swift */ = {isa = PBXFileReference; fileEncoding = 4; lastKnownFileType = sourcecode.swift; path = OptionsViewController.swift; sourceTree = "<group>"; };
		C59F3D4D1B17856200A608AA /* main-theme.wav */ = {isa = PBXFileReference; lastKnownFileType = audio.wav; path = "main-theme.wav"; sourceTree = "<group>"; };
		C59F3D4F1B1790BC00A608AA /* music1.wav */ = {isa = PBXFileReference; lastKnownFileType = audio.wav; path = music1.wav; sourceTree = "<group>"; };
		C59F3D501B1790BC00A608AA /* music2.wav */ = {isa = PBXFileReference; lastKnownFileType = audio.wav; path = music2.wav; sourceTree = "<group>"; };
		C59F3D511B1790BC00A608AA /* music3.wav */ = {isa = PBXFileReference; lastKnownFileType = audio.wav; path = music3.wav; sourceTree = "<group>"; };
		C59F3D521B1790BC00A608AA /* music4.wav */ = {isa = PBXFileReference; lastKnownFileType = audio.wav; path = music4.wav; sourceTree = "<group>"; };
		C59F3D531B1790BC00A608AA /* music5.wav */ = {isa = PBXFileReference; lastKnownFileType = audio.wav; path = music5.wav; sourceTree = "<group>"; };
		C59F3D541B1790BC00A608AA /* music6.wav */ = {isa = PBXFileReference; lastKnownFileType = audio.wav; path = music6.wav; sourceTree = "<group>"; };
		C5A53E971AD4747300A97B1D /* teste.tmx */ = {isa = PBXFileReference; fileEncoding = 4; lastKnownFileType = text.xml; path = teste.tmx; sourceTree = "<group>"; };
		C5A53EB91AD5C5FF00A97B1D /* plataforma3.png */ = {isa = PBXFileReference; lastKnownFileType = image.png; path = plataforma3.png; sourceTree = "<group>"; };
		C5CB3F3A1ACD6AA8001A37B7 /* Ninja Goo.app */ = {isa = PBXFileReference; explicitFileType = wrapper.application; includeInIndex = 0; path = "Ninja Goo.app"; sourceTree = BUILT_PRODUCTS_DIR; };
		C5CB3F3E1ACD6AA8001A37B7 /* Info.plist */ = {isa = PBXFileReference; lastKnownFileType = text.plist.xml; path = Info.plist; sourceTree = "<group>"; };
		C5CB3F3F1ACD6AA8001A37B7 /* AppDelegate.swift */ = {isa = PBXFileReference; lastKnownFileType = sourcecode.swift; path = AppDelegate.swift; sourceTree = "<group>"; };
		C5CB3F411ACD6AA8001A37B7 /* teste.sks */ = {isa = PBXFileReference; lastKnownFileType = file.sks; path = teste.sks; sourceTree = "<group>"; };
		C5CB3F431ACD6AA8001A37B7 /* W1_Level_1.swift */ = {isa = PBXFileReference; lastKnownFileType = sourcecode.swift; path = W1_Level_1.swift; sourceTree = "<group>"; };
		C5CB3F451ACD6AA8001A37B7 /* GameViewController.swift */ = {isa = PBXFileReference; lastKnownFileType = sourcecode.swift; path = GameViewController.swift; sourceTree = "<group>"; };
		C5CB3F531ACD6AA8001A37B7 /* Ninja GooTests.xctest */ = {isa = PBXFileReference; explicitFileType = wrapper.cfbundle; includeInIndex = 0; path = "Ninja GooTests.xctest"; sourceTree = BUILT_PRODUCTS_DIR; };
		C5CB3F581ACD6AA8001A37B7 /* Info.plist */ = {isa = PBXFileReference; lastKnownFileType = text.plist.xml; path = Info.plist; sourceTree = "<group>"; };
		C5CB3F591ACD6AA8001A37B7 /* Ninja_GooTests.swift */ = {isa = PBXFileReference; lastKnownFileType = sourcecode.swift; path = Ninja_GooTests.swift; sourceTree = "<group>"; };
		C5CB3F681ACD6C55001A37B7 /* W1_Scenario.xcassets */ = {isa = PBXFileReference; lastKnownFileType = folder.assetcatalog; path = W1_Scenario.xcassets; sourceTree = "<group>"; };
		C5CB3F6A1ACD6C9A001A37B7 /* Other.xcassets */ = {isa = PBXFileReference; lastKnownFileType = folder.assetcatalog; path = Other.xcassets; sourceTree = "<group>"; };
		C5CB3F6C1ACD6D14001A37B7 /* Ninja.xcassets */ = {isa = PBXFileReference; lastKnownFileType = folder.assetcatalog; path = Ninja.xcassets; sourceTree = "<group>"; };
		C5CB3F6E1ACD6E0C001A37B7 /* Hud.xcassets */ = {isa = PBXFileReference; lastKnownFileType = folder.assetcatalog; path = Hud.xcassets; sourceTree = "<group>"; };
		C5CB3F791ACD7954001A37B7 /* LaunchScreen.xib */ = {isa = PBXFileReference; fileEncoding = 4; lastKnownFileType = file.xib; path = LaunchScreen.xib; sourceTree = "<group>"; };
		C5CB3F7C1ACD79B2001A37B7 /* Ninja.swift */ = {isa = PBXFileReference; fileEncoding = 4; lastKnownFileType = sourcecode.swift; path = Ninja.swift; sourceTree = "<group>"; };
		C5CB3F7F1ACD9F1D001A37B7 /* ConvertUtilities.swift */ = {isa = PBXFileReference; fileEncoding = 4; lastKnownFileType = sourcecode.swift; path = ConvertUtilities.swift; sourceTree = "<group>"; };
		C5CB3F811ACDEBE4001A37B7 /* WorldLayer.swift */ = {isa = PBXFileReference; fileEncoding = 4; lastKnownFileType = sourcecode.swift; path = WorldLayer.swift; sourceTree = "<group>"; };
		C5CB3F831ACDFF18001A37B7 /* Hud.swift */ = {isa = PBXFileReference; fileEncoding = 4; lastKnownFileType = sourcecode.swift; path = Hud.swift; sourceTree = "<group>"; };
		C5D8548D1AF15CC3008CE610 /* espinho_tile_direito.png */ = {isa = PBXFileReference; lastKnownFileType = image.png; path = espinho_tile_direito.png; sourceTree = "<group>"; };
		C5D8548E1AF15CC3008CE610 /* espinho_tile_esquerdo.png */ = {isa = PBXFileReference; lastKnownFileType = image.png; path = espinho_tile_esquerdo.png; sourceTree = "<group>"; };
		C5D8548F1AF15CC3008CE610 /* espinho_tile_invertido.png */ = {isa = PBXFileReference; lastKnownFileType = image.png; path = espinho_tile_invertido.png; sourceTree = "<group>"; };
		C5DA21F11B18FB8F000CFB9A /* Insane-Gameplay.mp3 */ = {isa = PBXFileReference; lastKnownFileType = audio.mp3; path = "Insane-Gameplay.mp3"; sourceTree = "<group>"; };
		C5ED62671B0FAC6B006B6DC6 /* espinho_tile.png */ = {isa = PBXFileReference; lastKnownFileType = image.png; path = espinho_tile.png; sourceTree = "<group>"; };
/* End PBXFileReference section */

/* Begin PBXFrameworksBuildPhase section */
		C5CB3F371ACD6AA8001A37B7 /* Frameworks */ = {
			isa = PBXFrameworksBuildPhase;
			buildActionMask = 2147483647;
			files = (
				65A5FFA21B1E344300497BD2 /* StoreKit.framework in Frameworks */,
				C547473B1AD44D2800C4E23F /* libz.dylib in Frameworks */,
				C51CBE9D1B0E516700913FAA /* QuartzCore.framework in Frameworks */,
				C51CBE9B1B0E515000913FAA /* AdSupport.framework in Frameworks */,
				C51CBE971B0E513900913FAA /* CoreGraphics.framework in Frameworks */,
				C51CBE951B0E512F00913FAA /* SystemConfiguration.framework in Frameworks */,
				C51CBE931B0E512100913FAA /* CoreTelephony.framework in Frameworks */,
				C51CBE911B0E506C00913FAA /* StartApp.framework in Frameworks */,
				65A5FFA01B1E343E00497BD2 /* GameKit.framework in Frameworks */,
			);
			runOnlyForDeploymentPostprocessing = 0;
		};
		C5CB3F501ACD6AA8001A37B7 /* Frameworks */ = {
			isa = PBXFrameworksBuildPhase;
			buildActionMask = 2147483647;
			files = (
			);
			runOnlyForDeploymentPostprocessing = 0;
		};
/* End PBXFrameworksBuildPhase section */

/* Begin PBXGroup section */
		C5112E591B0FDE4E007E805C /* Musics */ = {
			isa = PBXGroup;
			children = (
				C59F3D4F1B1790BC00A608AA /* music1.wav */,
				C59F3D501B1790BC00A608AA /* music2.wav */,
				C59F3D511B1790BC00A608AA /* music3.wav */,
				C59F3D521B1790BC00A608AA /* music4.wav */,
				C59F3D531B1790BC00A608AA /* music5.wav */,
				C59F3D541B1790BC00A608AA /* music6.wav */,
				C5DA21F11B18FB8F000CFB9A /* Insane-Gameplay.mp3 */,
				C504F7A01B137AE90021C878 /* Self-Destruct-Sequence.mp3 */,
				C504F79C1B1378EB0021C878 /* POL-rise-up-short.wav */,
				C569C5ED1B1375C600C999A9 /* Mad-Scientist.mp3 */,
				C59F3D4D1B17856200A608AA /* main-theme.wav */,
				C504F79E1B137A460021C878 /* rise-up.mp3 */,
				C569C5EB1B1375BA00C999A9 /* Misty-Forest.mp3 */,
				C569C5E91B1375AE00C999A9 /* Exotic-Island.mp3 */,
				C5112E5A1B0FDEC6007E805C /* Winding-Down - fas2.wav */,
			);
			name = Musics;
			sourceTree = "<group>";
		};
		C5112E5C1B10B07B007E805C /* inTest */ = {
			isa = PBXGroup;
			children = (
				C5112E631B10B7D0007E805C /* character_jump1.wav */,
				C5112E671B10B8CF007E805C /* impact2.wav */,
				C5112E691B10B8D8007E805C /* click_end.wav */,
				C5112E6A1B10B8D8007E805C /* click_start.wav */,
				C5112E6D1B10B8DF007E805C /* menu_down.wav */,
				C5112E6F1B10BC00007E805C /* character_land.wav */,
				C5112E701B10BC00007E805C /* click1.wav */,
				C5112E711B10BC00007E805C /* jailbreak.wav */,
				C5112E721B10BC00007E805C /* lockpick_success.wav */,
				C5112E731B10BC00007E805C /* miss_text.wav */,
				C5112E741B10BC00007E805C /* text_appear.wav */,
				C5112E751B10BC00007E805C /* unlock.wav */,
			);
			name = inTest;
			sourceTree = "<group>";
		};
		C54747441AD44F0800C4E23F /* Maps */ = {
			isa = PBXGroup;
			children = (
				65A5FF8F1B18B7CE00497BD2 /* minifase1.tmx */,
				65A5FF901B18B7CE00497BD2 /* minifase2.tmx */,
				65A5FF911B18B7CE00497BD2 /* minifase3.tmx */,
				65A5FF921B18B7CE00497BD2 /* minifase4.tmx */,
				65A5FF931B18B7CE00497BD2 /* minifase5.tmx */,
				65A5FF941B18B7CE00497BD2 /* minifase6.tmx */,
				C5A53E971AD4747300A97B1D /* teste.tmx */,
			);
			name = Maps;
			sourceTree = "<group>";
		};
		C58F73961AF95E0600D6E6DB /* JSTileMap */ = {
			isa = PBXGroup;
			children = (
				C58F739D1AF95E7B00D6E6DB /* JSTileMap.h */,
				C58F739E1AF95E8400D6E6DB /* JSTileMap.m */,
				C58F739F1AF95E8400D6E6DB /* LFCGzipUtility.h */,
				C58F73A01AF95E8400D6E6DB /* LFCGzipUtility.m */,
			);
			name = JSTileMap;
			sourceTree = "<group>";
		};
		C5CB3F311ACD6AA8001A37B7 = {
			isa = PBXGroup;
			children = (
				65A5FFA11B1E344300497BD2 /* StoreKit.framework */,
				65A5FF9F1B1E343E00497BD2 /* GameKit.framework */,
				C51CBE9C1B0E516700913FAA /* QuartzCore.framework */,
				C51CBE9A1B0E515000913FAA /* AdSupport.framework */,
				C51CBE961B0E513900913FAA /* CoreGraphics.framework */,
				C51CBE941B0E512F00913FAA /* SystemConfiguration.framework */,
				C51CBE921B0E512100913FAA /* CoreTelephony.framework */,
				C51CBE8E1B0E506C00913FAA /* StartApp.bundle */,
				C51CBE8F1B0E506C00913FAA /* StartApp.framework */,
				C547473A1AD44D2800C4E23F /* libz.dylib */,
				C5CB3F3C1ACD6AA8001A37B7 /* Ninja Goo */,
				C5CB3F561ACD6AA8001A37B7 /* Ninja GooTests */,
				C5CB3F3B1ACD6AA8001A37B7 /* Products */,
			);
			sourceTree = "<group>";
		};
		C5CB3F3B1ACD6AA8001A37B7 /* Products */ = {
			isa = PBXGroup;
			children = (
				C5CB3F3A1ACD6AA8001A37B7 /* Ninja Goo.app */,
				C5CB3F531ACD6AA8001A37B7 /* Ninja GooTests.xctest */,
			);
			name = Products;
			sourceTree = "<group>";
		};
		C5CB3F3C1ACD6AA8001A37B7 /* Ninja Goo */ = {
			isa = PBXGroup;
			children = (
				C5CB3F7E1ACD9EF6001A37B7 /* Utilities */,
				C5CB3F7B1ACD79A0001A37B7 /* Sprites */,
				C5CB3F641ACD6BD6001A37B7 /* Assets */,
				C5CB3F631ACD6B30001A37B7 /* Scene */,
				C5CB3F3F1ACD6AA8001A37B7 /* AppDelegate.swift */,
				C51A438E1B0A010700566E44 /* LevelView.swift */,
				C51A43901B0A012200566E44 /* LevelView.xib */,
				C5CB3F451ACD6AA8001A37B7 /* GameViewController.swift */,
				C50BB38E1ADAFD97007827B7 /* LevelsController.swift */,
				C50BB3901ADB0234007827B7 /* StartScreenViewController.swift */,
				C50BB38C1ADAFC9B007827B7 /* MenuViewController.swift */,
				C50BB3921ADB06B6007827B7 /* ItemViewCtrl.swift */,
				C59F3D491B17839900A608AA /* OptionsViewController.swift */,
				65A5FF9B1B18F02F00497BD2 /* InfoViewController.swift */,
				65A5FF8D1B189DFA00497BD2 /* Main.storyboard */,
				C5CB3F791ACD7954001A37B7 /* LaunchScreen.xib */,
				C5CB3F3D1ACD6AA8001A37B7 /* Supporting Files */,
			);
			path = "Ninja Goo";
			sourceTree = "<group>";
		};
		C5CB3F3D1ACD6AA8001A37B7 /* Supporting Files */ = {
			isa = PBXGroup;
			children = (
				C5CB3F3E1ACD6AA8001A37B7 /* Info.plist */,
			);
			name = "Supporting Files";
			sourceTree = "<group>";
		};
		C5CB3F561ACD6AA8001A37B7 /* Ninja GooTests */ = {
			isa = PBXGroup;
			children = (
				C5CB3F591ACD6AA8001A37B7 /* Ninja_GooTests.swift */,
				C5CB3F571ACD6AA8001A37B7 /* Supporting Files */,
			);
			path = "Ninja GooTests";
			sourceTree = "<group>";
		};
		C5CB3F571ACD6AA8001A37B7 /* Supporting Files */ = {
			isa = PBXGroup;
			children = (
				C5CB3F581ACD6AA8001A37B7 /* Info.plist */,
			);
			name = "Supporting Files";
			sourceTree = "<group>";
		};
		C5CB3F631ACD6B30001A37B7 /* Scene */ = {
			isa = PBXGroup;
			children = (
				C5CB3F781ACD77C4001A37B7 /* WorldOne */,
			);
			name = Scene;
			sourceTree = "<group>";
		};
		C5CB3F641ACD6BD6001A37B7 /* Assets */ = {
			isa = PBXGroup;
			children = (
				C5112E591B0FDE4E007E805C /* Musics */,
				C54747441AD44F0800C4E23F /* Maps */,
				C5CB3F711ACD6E59001A37B7 /* Sounds */,
				C5CB3F701ACD6E4F001A37B7 /* Images */,
			);
			name = Assets;
			sourceTree = "<group>";
		};
		C5CB3F701ACD6E4F001A37B7 /* Images */ = {
			isa = PBXGroup;
			children = (
				C5D8548D1AF15CC3008CE610 /* espinho_tile_direito.png */,
				C5D8548E1AF15CC3008CE610 /* espinho_tile_esquerdo.png */,
				C5D8548F1AF15CC3008CE610 /* espinho_tile_invertido.png */,
				C5ED62671B0FAC6B006B6DC6 /* espinho_tile.png */,
				C5A53EB91AD5C5FF00A97B1D /* plataforma3.png */,
				C58F73B71B06232E00D6E6DB /* plataforma3G.png */,
				C58F73A31B04BF2E00D6E6DB /* wall_gray.png */,
				652343A31B00DD85001CE608 /* wall.png */,
				C5CB3F6C1ACD6D14001A37B7 /* Ninja.xcassets */,
				C5CB3F6E1ACD6E0C001A37B7 /* Hud.xcassets */,
				C5CB3F681ACD6C55001A37B7 /* W1_Scenario.xcassets */,
				C5CB3F6A1ACD6C9A001A37B7 /* Other.xcassets */,
			);
			name = Images;
			sourceTree = "<group>";
		};
		C5CB3F711ACD6E59001A37B7 /* Sounds */ = {
			isa = PBXGroup;
			children = (
				C5112E5C1B10B07B007E805C /* inTest */,
				655915DB1B0E55FF00D366E6 /* click.wav */,
				C5112E5E1B10B095007E805C /* wizard_jump.wav */,
				655915DC1B0E55FF00D366E6 /* impact.wav */,
				655915DD1B0E55FF00D366E6 /* jump.wav */,
				655915DE1B0E55FF00D366E6 /* shaking.wav */,
				655915DF1B0E55FF00D366E6 /* teleport.wav */,
				655915E01B0E55FF00D366E6 /* victory.wav */,
				655915E11B0E55FF00D366E6 /* wall.wav */,
			);
			name = Sounds;
			sourceTree = "<group>";
		};
		C5CB3F781ACD77C4001A37B7 /* WorldOne */ = {
			isa = PBXGroup;
			children = (
				C5CB3F411ACD6AA8001A37B7 /* teste.sks */,
				C5CB3F431ACD6AA8001A37B7 /* W1_Level_1.swift */,
				C58F73A71B05860F00D6E6DB /* Scenario.swift */,
			);
			name = WorldOne;
			sourceTree = "<group>";
		};
		C5CB3F7B1ACD79A0001A37B7 /* Sprites */ = {
			isa = PBXGroup;
			children = (
				C5CB3F7C1ACD79B2001A37B7 /* Ninja.swift */,
				C5CB3F831ACDFF18001A37B7 /* Hud.swift */,
			);
			name = Sprites;
			sourceTree = "<group>";
		};
		C5CB3F7E1ACD9EF6001A37B7 /* Utilities */ = {
			isa = PBXGroup;
			children = (
				C58F73961AF95E0600D6E6DB /* JSTileMap */,
				C5CB3F811ACDEBE4001A37B7 /* WorldLayer.swift */,
				C5CB3F7F1ACD9F1D001A37B7 /* ConvertUtilities.swift */,
				C54747471AD4503500C4E23F /* TileMapHeader.h */,
				C58F73A91B05896F00D6E6DB /* SceneManager.swift */,
				C51CBEA21B0E5C0600913FAA /* GameCenter.swift */,
			);
			name = Utilities;
			sourceTree = "<group>";
		};
/* End PBXGroup section */

/* Begin PBXNativeTarget section */
		C5CB3F391ACD6AA8001A37B7 /* Ninja Goo */ = {
			isa = PBXNativeTarget;
			buildConfigurationList = C5CB3F5D1ACD6AA8001A37B7 /* Build configuration list for PBXNativeTarget "Ninja Goo" */;
			buildPhases = (
				C5CB3F361ACD6AA8001A37B7 /* Sources */,
				C5CB3F371ACD6AA8001A37B7 /* Frameworks */,
				C5CB3F381ACD6AA8001A37B7 /* Resources */,
			);
			buildRules = (
			);
			dependencies = (
			);
			name = "Ninja Goo";
			productName = "Ninja Goo";
			productReference = C5CB3F3A1ACD6AA8001A37B7 /* Ninja Goo.app */;
			productType = "com.apple.product-type.application";
		};
		C5CB3F521ACD6AA8001A37B7 /* Ninja GooTests */ = {
			isa = PBXNativeTarget;
			buildConfigurationList = C5CB3F601ACD6AA8001A37B7 /* Build configuration list for PBXNativeTarget "Ninja GooTests" */;
			buildPhases = (
				C5CB3F4F1ACD6AA8001A37B7 /* Sources */,
				C5CB3F501ACD6AA8001A37B7 /* Frameworks */,
				C5CB3F511ACD6AA8001A37B7 /* Resources */,
			);
			buildRules = (
			);
			dependencies = (
				C5CB3F551ACD6AA8001A37B7 /* PBXTargetDependency */,
			);
			name = "Ninja GooTests";
			productName = "Ninja GooTests";
			productReference = C5CB3F531ACD6AA8001A37B7 /* Ninja GooTests.xctest */;
			productType = "com.apple.product-type.bundle.unit-test";
		};
/* End PBXNativeTarget section */

/* Begin PBXProject section */
		C5CB3F321ACD6AA8001A37B7 /* Project object */ = {
			isa = PBXProject;
			attributes = {
				LastUpgradeCheck = 0620;
				ORGANIZATIONNAME = Koruja;
				TargetAttributes = {
					C5CB3F391ACD6AA8001A37B7 = {
						CreatedOnToolsVersion = 6.2;
						DevelopmentTeam = CT54P8A873;
						SystemCapabilities = {
							com.apple.GameCenter = {
								enabled = 1;
							};
							com.apple.InAppPurchase = {
								enabled = 1;
							};
						};
					};
					C5CB3F521ACD6AA8001A37B7 = {
						CreatedOnToolsVersion = 6.2;
						DevelopmentTeam = CT54P8A873;
						TestTargetID = C5CB3F391ACD6AA8001A37B7;
					};
				};
			};
			buildConfigurationList = C5CB3F351ACD6AA8001A37B7 /* Build configuration list for PBXProject "Ninja Goo" */;
			compatibilityVersion = "Xcode 3.2";
			developmentRegion = English;
			hasScannedForEncodings = 0;
			knownRegions = (
				en,
				Base,
			);
			mainGroup = C5CB3F311ACD6AA8001A37B7;
			productRefGroup = C5CB3F3B1ACD6AA8001A37B7 /* Products */;
			projectDirPath = "";
			projectRoot = "";
			targets = (
				C5CB3F391ACD6AA8001A37B7 /* Ninja Goo */,
				C5CB3F521ACD6AA8001A37B7 /* Ninja GooTests */,
			);
		};
/* End PBXProject section */

/* Begin PBXResourcesBuildPhase section */
		C5CB3F381ACD6AA8001A37B7 /* Resources */ = {
			isa = PBXResourcesBuildPhase;
			buildActionMask = 2147483647;
			files = (
				655915E41B0E55FF00D366E6 /* jump.wav in Resources */,
				C5112E5B1B0FDEC6007E805C /* Winding-Down - fas2.wav in Resources */,
				C5CB3F6B1ACD6C9A001A37B7 /* Other.xcassets in Resources */,
				C569C5EE1B1375C600C999A9 /* Mad-Scientist.mp3 in Resources */,
				655915E81B0E55FF00D366E6 /* wall.wav in Resources */,
				C5112E771B10BC00007E805C /* click1.wav in Resources */,
				C5112E5F1B10B095007E805C /* wizard_jump.wav in Resources */,
				C504F79F1B137A460021C878 /* rise-up.mp3 in Resources */,
				C5112E791B10BC00007E805C /* lockpick_success.wav in Resources */,
				C569C5EC1B1375BA00C999A9 /* Misty-Forest.mp3 in Resources */,
				655915E71B0E55FF00D366E6 /* victory.wav in Resources */,
				C5CB3F6D1ACD6D14001A37B7 /* Ninja.xcassets in Resources */,
				C59F3D551B1790BC00A608AA /* music1.wav in Resources */,
				C59F3D571B1790BC00A608AA /* music3.wav in Resources */,
				656343E61B093065002E2031 /* minifase3.tmx in Resources */,
				C51CBE901B0E506C00913FAA /* StartApp.bundle in Resources */,
				C5A53E981AD4747300A97B1D /* teste.tmx in Resources */,
				C58F73A41B04BF2E00D6E6DB /* wall_gray.png in Resources */,
				C58F73B81B06232E00D6E6DB /* plataforma3G.png in Resources */,
				65A5FF991B18B7CE00497BD2 /* minifase5.tmx in Resources */,
				C5112E6B1B10B8D8007E805C /* click_end.wav in Resources */,
				C59F3D581B1790BC00A608AA /* music4.wav in Resources */,
				650D89B41B0645A600631D86 /* (null) in Resources */,
				65A5FF951B18B7CE00497BD2 /* minifase1.tmx in Resources */,
				C5CB3F6F1ACD6E0C001A37B7 /* Hud.xcassets in Resources */,
				656343E01B092E33002E2031 /* minifase1.tmx in Resources */,
				C504F79D1B1378EB0021C878 /* POL-rise-up-short.wav in Resources */,
				65A5FF8E1B189DFA00497BD2 /* Main.storyboard in Resources */,
				C504F7A11B137AE90021C878 /* Self-Destruct-Sequence.mp3 in Resources */,
				C5112E6E1B10B8DF007E805C /* menu_down.wav in Resources */,
				C5112E6C1B10B8D8007E805C /* click_start.wav in Resources */,
				655915E21B0E55FF00D366E6 /* click.wav in Resources */,
				65A5FF9A1B18B7CE00497BD2 /* minifase6.tmx in Resources */,
				C51A43911B0A012200566E44 /* LevelView.xib in Resources */,
				C5CB3F691ACD6C55001A37B7 /* W1_Scenario.xcassets in Resources */,
				C5A53EBA1AD5C5FF00A97B1D /* plataforma3.png in Resources */,
				C5112E681B10B8CF007E805C /* impact2.wav in Resources */,
				C59F3D561B1790BC00A608AA /* music2.wav in Resources */,
				C5CB3F421ACD6AA8001A37B7 /* teste.sks in Resources */,
				655915E51B0E55FF00D366E6 /* shaking.wav in Resources */,
				655915E61B0E55FF00D366E6 /* teleport.wav in Resources */,
				C5ED62681B0FAC6B006B6DC6 /* espinho_tile.png in Resources */,
				65A5FF981B18B7CE00497BD2 /* minifase4.tmx in Resources */,
				C5112E781B10BC00007E805C /* jailbreak.wav in Resources */,
				C59F3D4E1B17856200A608AA /* main-theme.wav in Resources */,
				C5112E7C1B10BC00007E805C /* unlock.wav in Resources */,
				C5D854931AF15CC3008CE610 /* espinho_tile_invertido.png in Resources */,
				C5CB3F7A1ACD7954001A37B7 /* LaunchScreen.xib in Resources */,
				C5D854911AF15CC3008CE610 /* espinho_tile_direito.png in Resources */,
				C5D854921AF15CC3008CE610 /* espinho_tile_esquerdo.png in Resources */,
				C5112E641B10B7D0007E805C /* character_jump1.wav in Resources */,
				65A5FF971B18B7CE00497BD2 /* minifase3.tmx in Resources */,
				C59F3D591B1790BC00A608AA /* music5.wav in Resources */,
				C5112E7B1B10BC00007E805C /* text_appear.wav in Resources */,
				C5DA21F21B18FB90000CFB9A /* Insane-Gameplay.mp3 in Resources */,
				C5112E7A1B10BC00007E805C /* miss_text.wav in Resources */,
				655915E31B0E55FF00D366E6 /* impact.wav in Resources */,
				656343DA1B092C1A002E2031 /* minifase2.tmx in Resources */,
				C5112E761B10BC00007E805C /* character_land.wav in Resources */,
				652343A41B00DD85001CE608 /* wall.png in Resources */,
				C59F3D5A1B1790BC00A608AA /* music6.wav in Resources */,
				65A5FF961B18B7CE00497BD2 /* minifase2.tmx in Resources */,
				C569C5EA1B1375AE00C999A9 /* Exotic-Island.mp3 in Resources */,
			);
			runOnlyForDeploymentPostprocessing = 0;
		};
		C5CB3F511ACD6AA8001A37B7 /* Resources */ = {
			isa = PBXResourcesBuildPhase;
			buildActionMask = 2147483647;
			files = (
			);
			runOnlyForDeploymentPostprocessing = 0;
		};
/* End PBXResourcesBuildPhase section */

/* Begin PBXSourcesBuildPhase section */
		C5CB3F361ACD6AA8001A37B7 /* Sources */ = {
			isa = PBXSourcesBuildPhase;
			buildActionMask = 2147483647;
			files = (
				C5CB3F441ACD6AA8001A37B7 /* W1_Level_1.swift in Sources */,
				C50BB38D1ADAFC9B007827B7 /* MenuViewController.swift in Sources */,
				C5CB3F801ACD9F1D001A37B7 /* ConvertUtilities.swift in Sources */,
				C59F3D4A1B17839900A608AA /* OptionsViewController.swift in Sources */,
				C58F73A11AF95E8400D6E6DB /* JSTileMap.m in Sources */,
				C50BB3931ADB06B6007827B7 /* ItemViewCtrl.swift in Sources */,
				C50BB3911ADB0234007827B7 /* StartScreenViewController.swift in Sources */,
				C50BB38F1ADAFD97007827B7 /* LevelsController.swift in Sources */,
				C58F73AA1B05896F00D6E6DB /* SceneManager.swift in Sources */,
				C5CB3F461ACD6AA8001A37B7 /* GameViewController.swift in Sources */,
				C51CBEA31B0E5C0600913FAA /* GameCenter.swift in Sources */,
				C5CB3F841ACDFF18001A37B7 /* Hud.swift in Sources */,
				C58F73A21AF95E8400D6E6DB /* LFCGzipUtility.m in Sources */,
				C5CB3F7D1ACD79B2001A37B7 /* Ninja.swift in Sources */,
				C5CB3F821ACDEBE4001A37B7 /* WorldLayer.swift in Sources */,
				C51A438F1B0A010700566E44 /* LevelView.swift in Sources */,
				C5CB3F401ACD6AA8001A37B7 /* AppDelegate.swift in Sources */,
				C58F73A81B05860F00D6E6DB /* Scenario.swift in Sources */,
				65A5FF9C1B18F02F00497BD2 /* InfoViewController.swift in Sources */,
			);
			runOnlyForDeploymentPostprocessing = 0;
		};
		C5CB3F4F1ACD6AA8001A37B7 /* Sources */ = {
			isa = PBXSourcesBuildPhase;
			buildActionMask = 2147483647;
			files = (
				C5CB3F5A1ACD6AA8001A37B7 /* Ninja_GooTests.swift in Sources */,
			);
			runOnlyForDeploymentPostprocessing = 0;
		};
/* End PBXSourcesBuildPhase section */

/* Begin PBXTargetDependency section */
		C5CB3F551ACD6AA8001A37B7 /* PBXTargetDependency */ = {
			isa = PBXTargetDependency;
			target = C5CB3F391ACD6AA8001A37B7 /* Ninja Goo */;
			targetProxy = C5CB3F541ACD6AA8001A37B7 /* PBXContainerItemProxy */;
		};
/* End PBXTargetDependency section */

/* Begin XCBuildConfiguration section */
		C5CB3F5B1ACD6AA8001A37B7 /* Debug */ = {
			isa = XCBuildConfiguration;
			buildSettings = {
				ALWAYS_SEARCH_USER_PATHS = NO;
				CLANG_CXX_LANGUAGE_STANDARD = "gnu++0x";
				CLANG_CXX_LIBRARY = "libc++";
				CLANG_ENABLE_MODULES = YES;
				CLANG_ENABLE_OBJC_ARC = YES;
				CLANG_WARN_BOOL_CONVERSION = YES;
				CLANG_WARN_CONSTANT_CONVERSION = YES;
				CLANG_WARN_DIRECT_OBJC_ISA_USAGE = YES_ERROR;
				CLANG_WARN_EMPTY_BODY = YES;
				CLANG_WARN_ENUM_CONVERSION = YES;
				CLANG_WARN_INT_CONVERSION = YES;
				CLANG_WARN_OBJC_ROOT_CLASS = YES_ERROR;
				CLANG_WARN_UNREACHABLE_CODE = YES;
				CLANG_WARN__DUPLICATE_METHOD_MATCH = YES;
				"CODE_SIGN_IDENTITY[sdk=iphoneos*]" = "iPhone Developer";
				COPY_PHASE_STRIP = NO;
				ENABLE_STRICT_OBJC_MSGSEND = YES;
				GCC_C_LANGUAGE_STANDARD = gnu99;
				GCC_DYNAMIC_NO_PIC = NO;
				GCC_OPTIMIZATION_LEVEL = 0;
				GCC_PREPROCESSOR_DEFINITIONS = (
					"DEBUG=1",
					"$(inherited)",
				);
				GCC_SYMBOLS_PRIVATE_EXTERN = NO;
				GCC_WARN_64_TO_32_BIT_CONVERSION = YES;
				GCC_WARN_ABOUT_RETURN_TYPE = YES_ERROR;
				GCC_WARN_UNDECLARED_SELECTOR = YES;
				GCC_WARN_UNINITIALIZED_AUTOS = YES_AGGRESSIVE;
				GCC_WARN_UNUSED_FUNCTION = YES;
				GCC_WARN_UNUSED_VARIABLE = YES;
				IPHONEOS_DEPLOYMENT_TARGET = 8.2;
				MTL_ENABLE_DEBUG_INFO = YES;
				ONLY_ACTIVE_ARCH = YES;
				SDKROOT = iphoneos;
				SWIFT_OPTIMIZATION_LEVEL = "-Onone";
				TARGETED_DEVICE_FAMILY = "1,2";
			};
			name = Debug;
		};
		C5CB3F5C1ACD6AA8001A37B7 /* Release */ = {
			isa = XCBuildConfiguration;
			buildSettings = {
				ALWAYS_SEARCH_USER_PATHS = NO;
				CLANG_CXX_LANGUAGE_STANDARD = "gnu++0x";
				CLANG_CXX_LIBRARY = "libc++";
				CLANG_ENABLE_MODULES = YES;
				CLANG_ENABLE_OBJC_ARC = YES;
				CLANG_WARN_BOOL_CONVERSION = YES;
				CLANG_WARN_CONSTANT_CONVERSION = YES;
				CLANG_WARN_DIRECT_OBJC_ISA_USAGE = YES_ERROR;
				CLANG_WARN_EMPTY_BODY = YES;
				CLANG_WARN_ENUM_CONVERSION = YES;
				CLANG_WARN_INT_CONVERSION = YES;
				CLANG_WARN_OBJC_ROOT_CLASS = YES_ERROR;
				CLANG_WARN_UNREACHABLE_CODE = YES;
				CLANG_WARN__DUPLICATE_METHOD_MATCH = YES;
				"CODE_SIGN_IDENTITY[sdk=iphoneos*]" = "iPhone Developer";
				COPY_PHASE_STRIP = NO;
				ENABLE_NS_ASSERTIONS = NO;
				ENABLE_STRICT_OBJC_MSGSEND = YES;
				GCC_C_LANGUAGE_STANDARD = gnu99;
				GCC_WARN_64_TO_32_BIT_CONVERSION = YES;
				GCC_WARN_ABOUT_RETURN_TYPE = YES_ERROR;
				GCC_WARN_UNDECLARED_SELECTOR = YES;
				GCC_WARN_UNINITIALIZED_AUTOS = YES_AGGRESSIVE;
				GCC_WARN_UNUSED_FUNCTION = YES;
				GCC_WARN_UNUSED_VARIABLE = YES;
				IPHONEOS_DEPLOYMENT_TARGET = 8.2;
				MTL_ENABLE_DEBUG_INFO = NO;
				SDKROOT = iphoneos;
				TARGETED_DEVICE_FAMILY = "1,2";
				VALIDATE_PRODUCT = YES;
			};
			name = Release;
		};
		C5CB3F5E1ACD6AA8001A37B7 /* Debug */ = {
			isa = XCBuildConfiguration;
			buildSettings = {
				ASSETCATALOG_COMPILER_APPICON_NAME = AppIcon;
				CODE_SIGN_IDENTITY = "iPhone Developer";
				"CODE_SIGN_IDENTITY[sdk=iphoneos*]" = "iPhone Developer";
				FRAMEWORK_SEARCH_PATHS = (
					"$(inherited)",
					"$(PROJECT_DIR)",
				);
				INFOPLIST_FILE = "Ninja Goo/Info.plist";
				IPHONEOS_DEPLOYMENT_TARGET = 8.2;
				LD_RUNPATH_SEARCH_PATHS = "$(inherited) @executable_path/Frameworks";
				PRODUCT_NAME = "$(TARGET_NAME)";
				PROVISIONING_PROFILE = "";
				SWIFT_OBJC_BRIDGING_HEADER = "Ninja Goo/TileMapHeader.h";
			};
			name = Debug;
		};
		C5CB3F5F1ACD6AA8001A37B7 /* Release */ = {
			isa = XCBuildConfiguration;
			buildSettings = {
				ASSETCATALOG_COMPILER_APPICON_NAME = AppIcon;
				CODE_SIGN_IDENTITY = "iPhone Developer";
				"CODE_SIGN_IDENTITY[sdk=iphoneos*]" = "iPhone Developer";
				FRAMEWORK_SEARCH_PATHS = (
					"$(inherited)",
					"$(PROJECT_DIR)",
				);
				INFOPLIST_FILE = "Ninja Goo/Info.plist";
				IPHONEOS_DEPLOYMENT_TARGET = 8.2;
				LD_RUNPATH_SEARCH_PATHS = "$(inherited) @executable_path/Frameworks";
				PRODUCT_NAME = "$(TARGET_NAME)";
				PROVISIONING_PROFILE = "";
				SWIFT_OBJC_BRIDGING_HEADER = "Ninja Goo/TileMapHeader.h";
			};
			name = Release;
		};
		C5CB3F611ACD6AA8001A37B7 /* Debug */ = {
			isa = XCBuildConfiguration;
			buildSettings = {
				BUNDLE_LOADER = "$(TEST_HOST)";
				FRAMEWORK_SEARCH_PATHS = (
					"$(SDKROOT)/Developer/Library/Frameworks",
					"$(inherited)",
				);
				GCC_PREPROCESSOR_DEFINITIONS = (
					"DEBUG=1",
					"$(inherited)",
				);
				INFOPLIST_FILE = "Ninja GooTests/Info.plist";
				LD_RUNPATH_SEARCH_PATHS = "$(inherited) @executable_path/Frameworks @loader_path/Frameworks";
				PRODUCT_NAME = "$(TARGET_NAME)";
				TEST_HOST = "$(BUILT_PRODUCTS_DIR)/Ninja Goo.app/Ninja Goo";
			};
			name = Debug;
		};
		C5CB3F621ACD6AA8001A37B7 /* Release */ = {
			isa = XCBuildConfiguration;
			buildSettings = {
				BUNDLE_LOADER = "$(TEST_HOST)";
				FRAMEWORK_SEARCH_PATHS = (
					"$(SDKROOT)/Developer/Library/Frameworks",
					"$(inherited)",
				);
				INFOPLIST_FILE = "Ninja GooTests/Info.plist";
				LD_RUNPATH_SEARCH_PATHS = "$(inherited) @executable_path/Frameworks @loader_path/Frameworks";
				PRODUCT_NAME = "$(TARGET_NAME)";
				TEST_HOST = "$(BUILT_PRODUCTS_DIR)/Ninja Goo.app/Ninja Goo";
			};
			name = Release;
		};
/* End XCBuildConfiguration section */

/* Begin XCConfigurationList section */
		C5CB3F351ACD6AA8001A37B7 /* Build configuration list for PBXProject "Ninja Goo" */ = {
			isa = XCConfigurationList;
			buildConfigurations = (
				C5CB3F5B1ACD6AA8001A37B7 /* Debug */,
				C5CB3F5C1ACD6AA8001A37B7 /* Release */,
			);
			defaultConfigurationIsVisible = 0;
			defaultConfigurationName = Release;
		};
		C5CB3F5D1ACD6AA8001A37B7 /* Build configuration list for PBXNativeTarget "Ninja Goo" */ = {
			isa = XCConfigurationList;
			buildConfigurations = (
				C5CB3F5E1ACD6AA8001A37B7 /* Debug */,
				C5CB3F5F1ACD6AA8001A37B7 /* Release */,
			);
			defaultConfigurationIsVisible = 0;
			defaultConfigurationName = Release;
		};
		C5CB3F601ACD6AA8001A37B7 /* Build configuration list for PBXNativeTarget "Ninja GooTests" */ = {
			isa = XCConfigurationList;
			buildConfigurations = (
				C5CB3F611ACD6AA8001A37B7 /* Debug */,
				C5CB3F621ACD6AA8001A37B7 /* Release */,
			);
			defaultConfigurationIsVisible = 0;
			defaultConfigurationName = Release;
		};
/* End XCConfigurationList section */
	};
	rootObject = C5CB3F321ACD6AA8001A37B7 /* Project object */;
}
